// !$*UTF8*$!
{
	archiveVersion = 1;
	classes = {
	};
	objectVersion = 50;
	objects = {

/* Begin PBXBuildFile section */
		4E37A5022D795F75E7F0A747 /* Pods_TestSampleTests.framework in Frameworks */ = {isa = PBXBuildFile; fileRef = BC73989E16098333593B9427 /* Pods_TestSampleTests.framework */; };
		7DD9740262E1C177402F0E98 /* Pods_TestSampleUITests.framework in Frameworks */ = {isa = PBXBuildFile; fileRef = 74D4B2ABE54E0C9823CEBCCA /* Pods_TestSampleUITests.framework */; };
		7EC72263A890F59C936588A7 /* Pods_TestSample.framework in Frameworks */ = {isa = PBXBuildFile; fileRef = 66C561CCF41BCB03AE75F11A /* Pods_TestSample.framework */; };
		A10E28D12238C0C7009C7677 /* AppDelegate.swift in Sources */ = {isa = PBXBuildFile; fileRef = A10E28D02238C0C7009C7677 /* AppDelegate.swift */; };
		A10E28D32238C0C7009C7677 /* ViewController.swift in Sources */ = {isa = PBXBuildFile; fileRef = A10E28D22238C0C7009C7677 /* ViewController.swift */; };
		A10E28D62238C0C7009C7677 /* Main.storyboard in Resources */ = {isa = PBXBuildFile; fileRef = A10E28D42238C0C7009C7677 /* Main.storyboard */; };
		A10E28D82238C0CB009C7677 /* Assets.xcassets in Resources */ = {isa = PBXBuildFile; fileRef = A10E28D72238C0CB009C7677 /* Assets.xcassets */; };
		A10E28DB2238C0CB009C7677 /* LaunchScreen.storyboard in Resources */ = {isa = PBXBuildFile; fileRef = A10E28D92238C0CB009C7677 /* LaunchScreen.storyboard */; };
		A10E28E62238C0CB009C7677 /* TestSampleTests.swift in Sources */ = {isa = PBXBuildFile; fileRef = A10E28E52238C0CB009C7677 /* TestSampleTests.swift */; };
		A10E28F12238C0CB009C7677 /* TestSampleUITests.swift in Sources */ = {isa = PBXBuildFile; fileRef = A10E28F02238C0CB009C7677 /* TestSampleUITests.swift */; };
		A1CF141A2239084E008F7390 /* GameTableViewCell.swift in Sources */ = {isa = PBXBuildFile; fileRef = A1CF14182239084E008F7390 /* GameTableViewCell.swift */; };
		A1CF141B2239084E008F7390 /* GameTableViewCell.xib in Resources */ = {isa = PBXBuildFile; fileRef = A1CF14192239084E008F7390 /* GameTableViewCell.xib */; };
/* End PBXBuildFile section */

/* Begin PBXContainerItemProxy section */
		A10E28E22238C0CB009C7677 /* PBXContainerItemProxy */ = {
			isa = PBXContainerItemProxy;
			containerPortal = A10E28C52238C0C7009C7677 /* Project object */;
			proxyType = 1;
			remoteGlobalIDString = A10E28CC2238C0C7009C7677;
			remoteInfo = TestSample;
		};
		A10E28ED2238C0CB009C7677 /* PBXContainerItemProxy */ = {
			isa = PBXContainerItemProxy;
			containerPortal = A10E28C52238C0C7009C7677 /* Project object */;
			proxyType = 1;
			remoteGlobalIDString = A10E28CC2238C0C7009C7677;
			remoteInfo = TestSample;
		};
/* End PBXContainerItemProxy section */

/* Begin PBXFileReference section */
		0127F693DDB7C0231E2FC8BA /* Pods-TestSampleUITests.debug.xcconfig */ = {isa = PBXFileReference; includeInIndex = 1; lastKnownFileType = text.xcconfig; name = "Pods-TestSampleUITests.debug.xcconfig"; path = "Target Support Files/Pods-TestSampleUITests/Pods-TestSampleUITests.debug.xcconfig"; sourceTree = "<group>"; };
		1CAA31CCA2617B47D8F3C618 /* Pods-TestSampleTests.debug.xcconfig */ = {isa = PBXFileReference; includeInIndex = 1; lastKnownFileType = text.xcconfig; name = "Pods-TestSampleTests.debug.xcconfig"; path = "Target Support Files/Pods-TestSampleTests/Pods-TestSampleTests.debug.xcconfig"; sourceTree = "<group>"; };
		66C561CCF41BCB03AE75F11A /* Pods_TestSample.framework */ = {isa = PBXFileReference; explicitFileType = wrapper.framework; includeInIndex = 0; path = Pods_TestSample.framework; sourceTree = BUILT_PRODUCTS_DIR; };
		74D4B2ABE54E0C9823CEBCCA /* Pods_TestSampleUITests.framework */ = {isa = PBXFileReference; explicitFileType = wrapper.framework; includeInIndex = 0; path = Pods_TestSampleUITests.framework; sourceTree = BUILT_PRODUCTS_DIR; };
		A10E28CD2238C0C7009C7677 /* TestSample.app */ = {isa = PBXFileReference; explicitFileType = wrapper.application; includeInIndex = 0; path = TestSample.app; sourceTree = BUILT_PRODUCTS_DIR; };
		A10E28D02238C0C7009C7677 /* AppDelegate.swift */ = {isa = PBXFileReference; lastKnownFileType = sourcecode.swift; path = AppDelegate.swift; sourceTree = "<group>"; };
		A10E28D22238C0C7009C7677 /* ViewController.swift */ = {isa = PBXFileReference; lastKnownFileType = sourcecode.swift; path = ViewController.swift; sourceTree = "<group>"; };
		A10E28D52238C0C7009C7677 /* Base */ = {isa = PBXFileReference; lastKnownFileType = file.storyboard; name = Base; path = Base.lproj/Main.storyboard; sourceTree = "<group>"; };
		A10E28D72238C0CB009C7677 /* Assets.xcassets */ = {isa = PBXFileReference; lastKnownFileType = folder.assetcatalog; path = Assets.xcassets; sourceTree = "<group>"; };
		A10E28DA2238C0CB009C7677 /* Base */ = {isa = PBXFileReference; lastKnownFileType = file.storyboard; name = Base; path = Base.lproj/LaunchScreen.storyboard; sourceTree = "<group>"; };
		A10E28DC2238C0CB009C7677 /* Info.plist */ = {isa = PBXFileReference; lastKnownFileType = text.plist.xml; path = Info.plist; sourceTree = "<group>"; };
		A10E28E12238C0CB009C7677 /* TestSampleTests.xctest */ = {isa = PBXFileReference; explicitFileType = wrapper.cfbundle; includeInIndex = 0; path = TestSampleTests.xctest; sourceTree = BUILT_PRODUCTS_DIR; };
		A10E28E52238C0CB009C7677 /* TestSampleTests.swift */ = {isa = PBXFileReference; lastKnownFileType = sourcecode.swift; path = TestSampleTests.swift; sourceTree = "<group>"; };
		A10E28E72238C0CB009C7677 /* Info.plist */ = {isa = PBXFileReference; lastKnownFileType = text.plist.xml; path = Info.plist; sourceTree = "<group>"; };
		A10E28EC2238C0CB009C7677 /* TestSampleUITests.xctest */ = {isa = PBXFileReference; explicitFileType = wrapper.cfbundle; includeInIndex = 0; path = TestSampleUITests.xctest; sourceTree = BUILT_PRODUCTS_DIR; };
		A10E28F02238C0CB009C7677 /* TestSampleUITests.swift */ = {isa = PBXFileReference; lastKnownFileType = sourcecode.swift; path = TestSampleUITests.swift; sourceTree = "<group>"; };
		A10E28F22238C0CB009C7677 /* Info.plist */ = {isa = PBXFileReference; lastKnownFileType = text.plist.xml; path = Info.plist; sourceTree = "<group>"; };
		A1CF14182239084E008F7390 /* GameTableViewCell.swift */ = {isa = PBXFileReference; lastKnownFileType = sourcecode.swift; path = GameTableViewCell.swift; sourceTree = "<group>"; };
		A1CF14192239084E008F7390 /* GameTableViewCell.xib */ = {isa = PBXFileReference; lastKnownFileType = file.xib; path = GameTableViewCell.xib; sourceTree = "<group>"; };
		BC73989E16098333593B9427 /* Pods_TestSampleTests.framework */ = {isa = PBXFileReference; explicitFileType = wrapper.framework; includeInIndex = 0; path = Pods_TestSampleTests.framework; sourceTree = BUILT_PRODUCTS_DIR; };
		CFF4A751856BDAED05109DC5 /* Pods-TestSampleTests.release.xcconfig */ = {isa = PBXFileReference; includeInIndex = 1; lastKnownFileType = text.xcconfig; name = "Pods-TestSampleTests.release.xcconfig"; path = "Target Support Files/Pods-TestSampleTests/Pods-TestSampleTests.release.xcconfig"; sourceTree = "<group>"; };
		DFB075B1A564C1F67EDA3582 /* Pods-TestSampleUITests.release.xcconfig */ = {isa = PBXFileReference; includeInIndex = 1; lastKnownFileType = text.xcconfig; name = "Pods-TestSampleUITests.release.xcconfig"; path = "Target Support Files/Pods-TestSampleUITests/Pods-TestSampleUITests.release.xcconfig"; sourceTree = "<group>"; };
		F0E856A87F9440A282BFBD4C /* Pods-TestSample.release.xcconfig */ = {isa = PBXFileReference; includeInIndex = 1; lastKnownFileType = text.xcconfig; name = "Pods-TestSample.release.xcconfig"; path = "Target Support Files/Pods-TestSample/Pods-TestSample.release.xcconfig"; sourceTree = "<group>"; };
		FE01D3E12B6AD70ACC4DB2F7 /* Pods-TestSample.debug.xcconfig */ = {isa = PBXFileReference; includeInIndex = 1; lastKnownFileType = text.xcconfig; name = "Pods-TestSample.debug.xcconfig"; path = "Target Support Files/Pods-TestSample/Pods-TestSample.debug.xcconfig"; sourceTree = "<group>"; };
/* End PBXFileReference section */

/* Begin PBXFrameworksBuildPhase section */
		A10E28CA2238C0C7009C7677 /* Frameworks */ = {
			isa = PBXFrameworksBuildPhase;
			buildActionMask = 2147483647;
			files = (
				7EC72263A890F59C936588A7 /* Pods_TestSample.framework in Frameworks */,
			);
			runOnlyForDeploymentPostprocessing = 0;
		};
		A10E28DE2238C0CB009C7677 /* Frameworks */ = {
			isa = PBXFrameworksBuildPhase;
			buildActionMask = 2147483647;
			files = (
				4E37A5022D795F75E7F0A747 /* Pods_TestSampleTests.framework in Frameworks */,
			);
			runOnlyForDeploymentPostprocessing = 0;
		};
		A10E28E92238C0CB009C7677 /* Frameworks */ = {
			isa = PBXFrameworksBuildPhase;
			buildActionMask = 2147483647;
			files = (
				7DD9740262E1C177402F0E98 /* Pods_TestSampleUITests.framework in Frameworks */,
			);
			runOnlyForDeploymentPostprocessing = 0;
		};
/* End PBXFrameworksBuildPhase section */

/* Begin PBXGroup section */
		A10E28C42238C0C7009C7677 = {
			isa = PBXGroup;
			children = (
				A10E28CF2238C0C7009C7677 /* TestSample */,
				A10E28E42238C0CB009C7677 /* TestSampleTests */,
				A10E28EF2238C0CB009C7677 /* TestSampleUITests */,
				A10E28CE2238C0C7009C7677 /* Products */,
				CBA3DA8DCBC7B0122CACFDFB /* Pods */,
				E2B6A33EB38374DEB684D934 /* Frameworks */,
			);
			sourceTree = "<group>";
		};
		A10E28CE2238C0C7009C7677 /* Products */ = {
			isa = PBXGroup;
			children = (
				A10E28CD2238C0C7009C7677 /* TestSample.app */,
				A10E28E12238C0CB009C7677 /* TestSampleTests.xctest */,
				A10E28EC2238C0CB009C7677 /* TestSampleUITests.xctest */,
			);
			name = Products;
			sourceTree = "<group>";
		};
		A10E28CF2238C0C7009C7677 /* TestSample */ = {
			isa = PBXGroup;
			children = (
				A10E28FE2238F331009C7677 /* VIews */,
				A10E28D02238C0C7009C7677 /* AppDelegate.swift */,
				A10E28D22238C0C7009C7677 /* ViewController.swift */,
				A10E28D42238C0C7009C7677 /* Main.storyboard */,
				A10E28D72238C0CB009C7677 /* Assets.xcassets */,
				A10E28D92238C0CB009C7677 /* LaunchScreen.storyboard */,
				A10E28DC2238C0CB009C7677 /* Info.plist */,
			);
			path = TestSample;
			sourceTree = "<group>";
		};
		A10E28E42238C0CB009C7677 /* TestSampleTests */ = {
			isa = PBXGroup;
			children = (
				A10E28E52238C0CB009C7677 /* TestSampleTests.swift */,
				A10E28E72238C0CB009C7677 /* Info.plist */,
			);
			path = TestSampleTests;
			sourceTree = "<group>";
		};
		A10E28EF2238C0CB009C7677 /* TestSampleUITests */ = {
			isa = PBXGroup;
			children = (
				A10E28F02238C0CB009C7677 /* TestSampleUITests.swift */,
				A10E28F22238C0CB009C7677 /* Info.plist */,
			);
			path = TestSampleUITests;
			sourceTree = "<group>";
		};
		A10E28FE2238F331009C7677 /* VIews */ = {
			isa = PBXGroup;
			children = (
				A1CF14182239084E008F7390 /* GameTableViewCell.swift */,
				A1CF14192239084E008F7390 /* GameTableViewCell.xib */,
			);
			path = VIews;
			sourceTree = "<group>";
		};
		CBA3DA8DCBC7B0122CACFDFB /* Pods */ = {
			isa = PBXGroup;
			children = (
				FE01D3E12B6AD70ACC4DB2F7 /* Pods-TestSample.debug.xcconfig */,
				F0E856A87F9440A282BFBD4C /* Pods-TestSample.release.xcconfig */,
				1CAA31CCA2617B47D8F3C618 /* Pods-TestSampleTests.debug.xcconfig */,
				CFF4A751856BDAED05109DC5 /* Pods-TestSampleTests.release.xcconfig */,
				0127F693DDB7C0231E2FC8BA /* Pods-TestSampleUITests.debug.xcconfig */,
				DFB075B1A564C1F67EDA3582 /* Pods-TestSampleUITests.release.xcconfig */,
			);
			path = Pods;
			sourceTree = "<group>";
		};
		E2B6A33EB38374DEB684D934 /* Frameworks */ = {
			isa = PBXGroup;
			children = (
				66C561CCF41BCB03AE75F11A /* Pods_TestSample.framework */,
				BC73989E16098333593B9427 /* Pods_TestSampleTests.framework */,
				74D4B2ABE54E0C9823CEBCCA /* Pods_TestSampleUITests.framework */,
			);
			name = Frameworks;
			sourceTree = "<group>";
		};
/* End PBXGroup section */

/* Begin PBXNativeTarget section */
		A10E28CC2238C0C7009C7677 /* TestSample */ = {
			isa = PBXNativeTarget;
			buildConfigurationList = A10E28F52238C0CB009C7677 /* Build configuration list for PBXNativeTarget "TestSample" */;
			buildPhases = (
				13DAD75598ACD4306565697F /* [CP] Check Pods Manifest.lock */,
				A10E28C92238C0C7009C7677 /* Sources */,
				A10E28CA2238C0C7009C7677 /* Frameworks */,
				A10E28CB2238C0C7009C7677 /* Resources */,
				20199EE037EC39A1F8A538CE /* [CP] Embed Pods Frameworks */,
			);
			buildRules = (
			);
			dependencies = (
			);
			name = TestSample;
			productName = TestSample;
			productReference = A10E28CD2238C0C7009C7677 /* TestSample.app */;
			productType = "com.apple.product-type.application";
		};
		A10E28E02238C0CB009C7677 /* TestSampleTests */ = {
			isa = PBXNativeTarget;
			buildConfigurationList = A10E28F82238C0CB009C7677 /* Build configuration list for PBXNativeTarget "TestSampleTests" */;
			buildPhases = (
				37BE5ECD95E7124D6CA02171 /* [CP] Check Pods Manifest.lock */,
				A10E28DD2238C0CB009C7677 /* Sources */,
				A10E28DE2238C0CB009C7677 /* Frameworks */,
				A10E28DF2238C0CB009C7677 /* Resources */,
			);
			buildRules = (
			);
			dependencies = (
				A10E28E32238C0CB009C7677 /* PBXTargetDependency */,
			);
			name = TestSampleTests;
			productName = TestSampleTests;
			productReference = A10E28E12238C0CB009C7677 /* TestSampleTests.xctest */;
			productType = "com.apple.product-type.bundle.unit-test";
		};
		A10E28EB2238C0CB009C7677 /* TestSampleUITests */ = {
			isa = PBXNativeTarget;
			buildConfigurationList = A10E28FB2238C0CB009C7677 /* Build configuration list for PBXNativeTarget "TestSampleUITests" */;
			buildPhases = (
				4565F9A006051F576A3BE01B /* [CP] Check Pods Manifest.lock */,
				A10E28E82238C0CB009C7677 /* Sources */,
				A10E28E92238C0CB009C7677 /* Frameworks */,
				A10E28EA2238C0CB009C7677 /* Resources */,
			);
			buildRules = (
			);
			dependencies = (
				A10E28EE2238C0CB009C7677 /* PBXTargetDependency */,
			);
			name = TestSampleUITests;
			productName = TestSampleUITests;
			productReference = A10E28EC2238C0CB009C7677 /* TestSampleUITests.xctest */;
			productType = "com.apple.product-type.bundle.ui-testing";
		};
/* End PBXNativeTarget section */

/* Begin PBXProject section */
		A10E28C52238C0C7009C7677 /* Project object */ = {
			isa = PBXProject;
			attributes = {
				LastSwiftUpdateCheck = 1010;
				LastUpgradeCheck = 1010;
				ORGANIZATIONNAME = test;
				TargetAttributes = {
					A10E28CC2238C0C7009C7677 = {
						CreatedOnToolsVersion = 10.1;
					};
					A10E28E02238C0CB009C7677 = {
						CreatedOnToolsVersion = 10.1;
						TestTargetID = A10E28CC2238C0C7009C7677;
					};
					A10E28EB2238C0CB009C7677 = {
						CreatedOnToolsVersion = 10.1;
						TestTargetID = A10E28CC2238C0C7009C7677;
					};
				};
			};
			buildConfigurationList = A10E28C82238C0C7009C7677 /* Build configuration list for PBXProject "TestSample" */;
			compatibilityVersion = "Xcode 9.3";
			developmentRegion = en;
			hasScannedForEncodings = 0;
			knownRegions = (
				en,
				Base,
			);
			mainGroup = A10E28C42238C0C7009C7677;
			productRefGroup = A10E28CE2238C0C7009C7677 /* Products */;
			projectDirPath = "";
			projectRoot = "";
			targets = (
				A10E28CC2238C0C7009C7677 /* TestSample */,
				A10E28E02238C0CB009C7677 /* TestSampleTests */,
				A10E28EB2238C0CB009C7677 /* TestSampleUITests */,
			);
		};
/* End PBXProject section */

/* Begin PBXResourcesBuildPhase section */
		A10E28CB2238C0C7009C7677 /* Resources */ = {
			isa = PBXResourcesBuildPhase;
			buildActionMask = 2147483647;
			files = (
				A10E28DB2238C0CB009C7677 /* LaunchScreen.storyboard in Resources */,
				A10E28D82238C0CB009C7677 /* Assets.xcassets in Resources */,
				A10E28D62238C0C7009C7677 /* Main.storyboard in Resources */,
				A1CF141B2239084E008F7390 /* GameTableViewCell.xib in Resources */,
			);
			runOnlyForDeploymentPostprocessing = 0;
		};
		A10E28DF2238C0CB009C7677 /* Resources */ = {
			isa = PBXResourcesBuildPhase;
			buildActionMask = 2147483647;
			files = (
			);
			runOnlyForDeploymentPostprocessing = 0;
		};
		A10E28EA2238C0CB009C7677 /* Resources */ = {
			isa = PBXResourcesBuildPhase;
			buildActionMask = 2147483647;
			files = (
			);
			runOnlyForDeploymentPostprocessing = 0;
		};
/* End PBXResourcesBuildPhase section */

/* Begin PBXShellScriptBuildPhase section */
		13DAD75598ACD4306565697F /* [CP] Check Pods Manifest.lock */ = {
			isa = PBXShellScriptBuildPhase;
			buildActionMask = 2147483647;
			files = (
			);
			inputFileListPaths = (
			);
			inputPaths = (
				"${PODS_PODFILE_DIR_PATH}/Podfile.lock",
				"${PODS_ROOT}/Manifest.lock",
			);
			name = "[CP] Check Pods Manifest.lock";
			outputFileListPaths = (
			);
			outputPaths = (
				"$(DERIVED_FILE_DIR)/Pods-TestSample-checkManifestLockResult.txt",
			);
			runOnlyForDeploymentPostprocessing = 0;
			shellPath = /bin/sh;
			shellScript = "diff \"${PODS_PODFILE_DIR_PATH}/Podfile.lock\" \"${PODS_ROOT}/Manifest.lock\" > /dev/null\nif [ $? != 0 ] ; then\n    # print error to STDERR\n    echo \"error: The sandbox is not in sync with the Podfile.lock. Run 'pod install' or update your CocoaPods installation.\" >&2\n    exit 1\nfi\n# This output is used by Xcode 'outputs' to avoid re-running this script phase.\necho \"SUCCESS\" > \"${SCRIPT_OUTPUT_FILE_0}\"\n";
			showEnvVarsInLog = 0;
		};
		20199EE037EC39A1F8A538CE /* [CP] Embed Pods Frameworks */ = {
			isa = PBXShellScriptBuildPhase;
			buildActionMask = 2147483647;
			files = (
			);
			inputFileListPaths = (
			);
			inputPaths = (
				"${PODS_ROOT}/Target Support Files/Pods-TestSample/Pods-TestSample-frameworks.sh",
				"${BUILT_PRODUCTS_DIR}/Alamofire/Alamofire.framework",
				"${BUILT_PRODUCTS_DIR}/RxAtomic/RxAtomic.framework",
				"${BUILT_PRODUCTS_DIR}/RxCocoa/RxCocoa.framework",
				"${BUILT_PRODUCTS_DIR}/RxSwift/RxSwift.framework",
			);
			name = "[CP] Embed Pods Frameworks";
			outputFileListPaths = (
			);
			outputPaths = (
				"${TARGET_BUILD_DIR}/${FRAMEWORKS_FOLDER_PATH}/Alamofire.framework",
				"${TARGET_BUILD_DIR}/${FRAMEWORKS_FOLDER_PATH}/RxAtomic.framework",
				"${TARGET_BUILD_DIR}/${FRAMEWORKS_FOLDER_PATH}/RxCocoa.framework",
				"${TARGET_BUILD_DIR}/${FRAMEWORKS_FOLDER_PATH}/RxSwift.framework",
			);
			runOnlyForDeploymentPostprocessing = 0;
			shellPath = /bin/sh;
			shellScript = "\"${PODS_ROOT}/Target Support Files/Pods-TestSample/Pods-TestSample-frameworks.sh\"\n";
			showEnvVarsInLog = 0;
		};
		37BE5ECD95E7124D6CA02171 /* [CP] Check Pods Manifest.lock */ = {
			isa = PBXShellScriptBuildPhase;
			buildActionMask = 2147483647;
			files = (
			);
			inputFileListPaths = (
			);
			inputPaths = (
				"${PODS_PODFILE_DIR_PATH}/Podfile.lock",
				"${PODS_ROOT}/Manifest.lock",
			);
			name = "[CP] Check Pods Manifest.lock";
			outputFileListPaths = (
			);
			outputPaths = (
				"$(DERIVED_FILE_DIR)/Pods-TestSampleTests-checkManifestLockResult.txt",
			);
			runOnlyForDeploymentPostprocessing = 0;
			shellPath = /bin/sh;
			shellScript = "diff \"${PODS_PODFILE_DIR_PATH}/Podfile.lock\" \"${PODS_ROOT}/Manifest.lock\" > /dev/null\nif [ $? != 0 ] ; then\n    # print error to STDERR\n    echo \"error: The sandbox is not in sync with the Podfile.lock. Run 'pod install' or update your CocoaPods installation.\" >&2\n    exit 1\nfi\n# This output is used by Xcode 'outputs' to avoid re-running this script phase.\necho \"SUCCESS\" > \"${SCRIPT_OUTPUT_FILE_0}\"\n";
			showEnvVarsInLog = 0;
		};
		4565F9A006051F576A3BE01B /* [CP] Check Pods Manifest.lock */ = {
			isa = PBXShellScriptBuildPhase;
			buildActionMask = 2147483647;
			files = (
			);
			inputFileListPaths = (
			);
			inputPaths = (
				"${PODS_PODFILE_DIR_PATH}/Podfile.lock",
				"${PODS_ROOT}/Manifest.lock",
			);
			name = "[CP] Check Pods Manifest.lock";
			outputFileListPaths = (
			);
			outputPaths = (
				"$(DERIVED_FILE_DIR)/Pods-TestSampleUITests-checkManifestLockResult.txt",
			);
			runOnlyForDeploymentPostprocessing = 0;
			shellPath = /bin/sh;
			shellScript = "diff \"${PODS_PODFILE_DIR_PATH}/Podfile.lock\" \"${PODS_ROOT}/Manifest.lock\" > /dev/null\nif [ $? != 0 ] ; then\n    # print error to STDERR\n    echo \"error: The sandbox is not in sync with the Podfile.lock. Run 'pod install' or update your CocoaPods installation.\" >&2\n    exit 1\nfi\n# This output is used by Xcode 'outputs' to avoid re-running this script phase.\necho \"SUCCESS\" > \"${SCRIPT_OUTPUT_FILE_0}\"\n";
			showEnvVarsInLog = 0;
		};
/* End PBXShellScriptBuildPhase section */

/* Begin PBXSourcesBuildPhase section */
		A10E28C92238C0C7009C7677 /* Sources */ = {
			isa = PBXSourcesBuildPhase;
			buildActionMask = 2147483647;
			files = (
				A10E28D32238C0C7009C7677 /* ViewController.swift in Sources */,
				A10E28D12238C0C7009C7677 /* AppDelegate.swift in Sources */,
				A1CF141A2239084E008F7390 /* GameTableViewCell.swift in Sources */,
			);
			runOnlyForDeploymentPostprocessing = 0;
		};
		A10E28DD2238C0CB009C7677 /* Sources */ = {
			isa = PBXSourcesBuildPhase;
			buildActionMask = 2147483647;
			files = (
				A10E28E62238C0CB009C7677 /* TestSampleTests.swift in Sources */,
			);
			runOnlyForDeploymentPostprocessing = 0;
		};
		A10E28E82238C0CB009C7677 /* Sources */ = {
			isa = PBXSourcesBuildPhase;
			buildActionMask = 2147483647;
			files = (
				A10E28F12238C0CB009C7677 /* TestSampleUITests.swift in Sources */,
			);
			runOnlyForDeploymentPostprocessing = 0;
		};
/* End PBXSourcesBuildPhase section */

/* Begin PBXTargetDependency section */
		A10E28E32238C0CB009C7677 /* PBXTargetDependency */ = {
			isa = PBXTargetDependency;
			target = A10E28CC2238C0C7009C7677 /* TestSample */;
			targetProxy = A10E28E22238C0CB009C7677 /* PBXContainerItemProxy */;
		};
		A10E28EE2238C0CB009C7677 /* PBXTargetDependency */ = {
			isa = PBXTargetDependency;
			target = A10E28CC2238C0C7009C7677 /* TestSample */;
			targetProxy = A10E28ED2238C0CB009C7677 /* PBXContainerItemProxy */;
		};
/* End PBXTargetDependency section */

/* Begin PBXVariantGroup section */
		A10E28D42238C0C7009C7677 /* Main.storyboard */ = {
			isa = PBXVariantGroup;
			children = (
				A10E28D52238C0C7009C7677 /* Base */,
			);
			name = Main.storyboard;
			sourceTree = "<group>";
		};
		A10E28D92238C0CB009C7677 /* LaunchScreen.storyboard */ = {
			isa = PBXVariantGroup;
			children = (
				A10E28DA2238C0CB009C7677 /* Base */,
			);
			name = LaunchScreen.storyboard;
			sourceTree = "<group>";
		};
/* End PBXVariantGroup section */

/* Begin XCBuildConfiguration section */
		A10E28F32238C0CB009C7677 /* Debug */ = {
			isa = XCBuildConfiguration;
			buildSettings = {
				ALWAYS_SEARCH_USER_PATHS = NO;
				CLANG_ANALYZER_NONNULL = YES;
				CLANG_ANALYZER_NUMBER_OBJECT_CONVERSION = YES_AGGRESSIVE;
				CLANG_CXX_LANGUAGE_STANDARD = "gnu++14";
				CLANG_CXX_LIBRARY = "libc++";
				CLANG_ENABLE_MODULES = YES;
				CLANG_ENABLE_OBJC_ARC = YES;
				CLANG_ENABLE_OBJC_WEAK = YES;
				CLANG_WARN_BLOCK_CAPTURE_AUTORELEASING = YES;
				CLANG_WARN_BOOL_CONVERSION = YES;
				CLANG_WARN_COMMA = YES;
				CLANG_WARN_CONSTANT_CONVERSION = YES;
				CLANG_WARN_DEPRECATED_OBJC_IMPLEMENTATIONS = YES;
				CLANG_WARN_DIRECT_OBJC_ISA_USAGE = YES_ERROR;
				CLANG_WARN_DOCUMENTATION_COMMENTS = YES;
				CLANG_WARN_EMPTY_BODY = YES;
				CLANG_WARN_ENUM_CONVERSION = YES;
				CLANG_WARN_INFINITE_RECURSION = YES;
				CLANG_WARN_INT_CONVERSION = YES;
				CLANG_WARN_NON_LITERAL_NULL_CONVERSION = YES;
				CLANG_WARN_OBJC_IMPLICIT_RETAIN_SELF = YES;
				CLANG_WARN_OBJC_LITERAL_CONVERSION = YES;
				CLANG_WARN_OBJC_ROOT_CLASS = YES_ERROR;
				CLANG_WARN_RANGE_LOOP_ANALYSIS = YES;
				CLANG_WARN_STRICT_PROTOTYPES = YES;
				CLANG_WARN_SUSPICIOUS_MOVE = YES;
				CLANG_WARN_UNGUARDED_AVAILABILITY = YES_AGGRESSIVE;
				CLANG_WARN_UNREACHABLE_CODE = YES;
				CLANG_WARN__DUPLICATE_METHOD_MATCH = YES;
				CODE_SIGN_IDENTITY = "iPhone Developer";
				COPY_PHASE_STRIP = NO;
				DEBUG_INFORMATION_FORMAT = dwarf;
				ENABLE_STRICT_OBJC_MSGSEND = YES;
				ENABLE_TESTABILITY = YES;
				GCC_C_LANGUAGE_STANDARD = gnu11;
				GCC_DYNAMIC_NO_PIC = NO;
				GCC_NO_COMMON_BLOCKS = YES;
				GCC_OPTIMIZATION_LEVEL = 0;
				GCC_PREPROCESSOR_DEFINITIONS = (
					"DEBUG=1",
					"$(inherited)",
				);
				GCC_WARN_64_TO_32_BIT_CONVERSION = YES;
				GCC_WARN_ABOUT_RETURN_TYPE = YES_ERROR;
				GCC_WARN_UNDECLARED_SELECTOR = YES;
				GCC_WARN_UNINITIALIZED_AUTOS = YES_AGGRESSIVE;
				GCC_WARN_UNUSED_FUNCTION = YES;
				GCC_WARN_UNUSED_VARIABLE = YES;
				IPHONEOS_DEPLOYMENT_TARGET = 12.1;
				MTL_ENABLE_DEBUG_INFO = INCLUDE_SOURCE;
				MTL_FAST_MATH = YES;
				ONLY_ACTIVE_ARCH = YES;
				SDKROOT = iphoneos;
				SWIFT_ACTIVE_COMPILATION_CONDITIONS = DEBUG;
				SWIFT_OPTIMIZATION_LEVEL = "-Onone";
			};
			name = Debug;
		};
		A10E28F42238C0CB009C7677 /* Release */ = {
			isa = XCBuildConfiguration;
			buildSettings = {
				ALWAYS_SEARCH_USER_PATHS = NO;
				CLANG_ANALYZER_NONNULL = YES;
				CLANG_ANALYZER_NUMBER_OBJECT_CONVERSION = YES_AGGRESSIVE;
				CLANG_CXX_LANGUAGE_STANDARD = "gnu++14";
				CLANG_CXX_LIBRARY = "libc++";
				CLANG_ENABLE_MODULES = YES;
				CLANG_ENABLE_OBJC_ARC = YES;
				CLANG_ENABLE_OBJC_WEAK = YES;
				CLANG_WARN_BLOCK_CAPTURE_AUTORELEASING = YES;
				CLANG_WARN_BOOL_CONVERSION = YES;
				CLANG_WARN_COMMA = YES;
				CLANG_WARN_CONSTANT_CONVERSION = YES;
				CLANG_WARN_DEPRECATED_OBJC_IMPLEMENTATIONS = YES;
				CLANG_WARN_DIRECT_OBJC_ISA_USAGE = YES_ERROR;
				CLANG_WARN_DOCUMENTATION_COMMENTS = YES;
				CLANG_WARN_EMPTY_BODY = YES;
				CLANG_WARN_ENUM_CONVERSION = YES;
				CLANG_WARN_INFINITE_RECURSION = YES;
				CLANG_WARN_INT_CONVERSION = YES;
				CLANG_WARN_NON_LITERAL_NULL_CONVERSION = YES;
				CLANG_WARN_OBJC_IMPLICIT_RETAIN_SELF = YES;
				CLANG_WARN_OBJC_LITERAL_CONVERSION = YES;
				CLANG_WARN_OBJC_ROOT_CLASS = YES_ERROR;
				CLANG_WARN_RANGE_LOOP_ANALYSIS = YES;
				CLANG_WARN_STRICT_PROTOTYPES = YES;
				CLANG_WARN_SUSPICIOUS_MOVE = YES;
				CLANG_WARN_UNGUARDED_AVAILABILITY = YES_AGGRESSIVE;
				CLANG_WARN_UNREACHABLE_CODE = YES;
				CLANG_WARN__DUPLICATE_METHOD_MATCH = YES;
				CODE_SIGN_IDENTITY = "iPhone Developer";
				COPY_PHASE_STRIP = NO;
				DEBUG_INFORMATION_FORMAT = "dwarf-with-dsym";
				ENABLE_NS_ASSERTIONS = NO;
				ENABLE_STRICT_OBJC_MSGSEND = YES;
				GCC_C_LANGUAGE_STANDARD = gnu11;
				GCC_NO_COMMON_BLOCKS = YES;
				GCC_WARN_64_TO_32_BIT_CONVERSION = YES;
				GCC_WARN_ABOUT_RETURN_TYPE = YES_ERROR;
				GCC_WARN_UNDECLARED_SELECTOR = YES;
				GCC_WARN_UNINITIALIZED_AUTOS = YES_AGGRESSIVE;
				GCC_WARN_UNUSED_FUNCTION = YES;
				GCC_WARN_UNUSED_VARIABLE = YES;
				IPHONEOS_DEPLOYMENT_TARGET = 12.1;
				MTL_ENABLE_DEBUG_INFO = NO;
				MTL_FAST_MATH = YES;
				SDKROOT = iphoneos;
				SWIFT_COMPILATION_MODE = wholemodule;
				SWIFT_OPTIMIZATION_LEVEL = "-O";
				VALIDATE_PRODUCT = YES;
			};
			name = Release;
		};
		A10E28F62238C0CB009C7677 /* Debug */ = {
			isa = XCBuildConfiguration;
			baseConfigurationReference = FE01D3E12B6AD70ACC4DB2F7 /* Pods-TestSample.debug.xcconfig */;
			buildSettings = {
				ASSETCATALOG_COMPILER_APPICON_NAME = AppIcon;
				CODE_SIGN_STYLE = Automatic;
				DEVELOPMENT_TEAM = 7AVD894LDS;
				INFOPLIST_FILE = TestSample/Info.plist;
				LD_RUNPATH_SEARCH_PATHS = (
					"$(inherited)",
					"@executable_path/Frameworks",
				);
				PRODUCT_BUNDLE_IDENTIFIER = com.test.TestSample;
				PRODUCT_NAME = "$(TARGET_NAME)";
				SWIFT_VERSION = 4.2;
				TARGETED_DEVICE_FAMILY = "1,2";
			};
			name = Debug;
		};
		A10E28F72238C0CB009C7677 /* Release */ = {
			isa = XCBuildConfiguration;
			baseConfigurationReference = F0E856A87F9440A282BFBD4C /* Pods-TestSample.release.xcconfig */;
			buildSettings = {
				ASSETCATALOG_COMPILER_APPICON_NAME = AppIcon;
				CODE_SIGN_STYLE = Automatic;
				DEVELOPMENT_TEAM = 7AVD894LDS;
				INFOPLIST_FILE = TestSample/Info.plist;
				LD_RUNPATH_SEARCH_PATHS = (
					"$(inherited)",
					"@executable_path/Frameworks",
				);
				PRODUCT_BUNDLE_IDENTIFIER = com.test.TestSample;
				PRODUCT_NAME = "$(TARGET_NAME)";
				SWIFT_VERSION = 4.2;
				TARGETED_DEVICE_FAMILY = "1,2";
			};
			name = Release;
		};
		A10E28F92238C0CB009C7677 /* Debug */ = {
			isa = XCBuildConfiguration;
			baseConfigurationReference = 1CAA31CCA2617B47D8F3C618 /* Pods-TestSampleTests.debug.xcconfig */;
			buildSettings = {
				ALWAYS_EMBED_SWIFT_STANDARD_LIBRARIES = YES;
				BUNDLE_LOADER = "$(TEST_HOST)";
				CODE_SIGN_STYLE = Automatic;
				DEVELOPMENT_TEAM = 7AVD894LDS;
				INFOPLIST_FILE = TestSampleTests/Info.plist;
				LD_RUNPATH_SEARCH_PATHS = (
					"$(inherited)",
					"@executable_path/Frameworks",
					"@loader_path/Frameworks",
				);
				PRODUCT_BUNDLE_IDENTIFIER = com.test.TestSampleTests;
				PRODUCT_NAME = "$(TARGET_NAME)";
				SWIFT_VERSION = 4.2;
				TARGETED_DEVICE_FAMILY = "1,2";
				TEST_HOST = "$(BUILT_PRODUCTS_DIR)/TestSample.app/TestSample";
			};
			name = Debug;
		};
		A10E28FA2238C0CB009C7677 /* Release */ = {
			isa = XCBuildConfiguration;
			baseConfigurationReference = CFF4A751856BDAED05109DC5 /* Pods-TestSampleTests.release.xcconfig */;
			buildSettings = {
				ALWAYS_EMBED_SWIFT_STANDARD_LIBRARIES = YES;
				BUNDLE_LOADER = "$(TEST_HOST)";
				CODE_SIGN_STYLE = Automatic;
				DEVELOPMENT_TEAM = 7AVD894LDS;
				INFOPLIST_FILE = TestSampleTests/Info.plist;
				LD_RUNPATH_SEARCH_PATHS = (
					"$(inherited)",
					"@executable_path/Frameworks",
					"@loader_path/Frameworks",
				);
				PRODUCT_BUNDLE_IDENTIFIER = com.test.TestSampleTests;
				PRODUCT_NAME = "$(TARGET_NAME)";
				SWIFT_VERSION = 4.2;
				TARGETED_DEVICE_FAMILY = "1,2";
				TEST_HOST = "$(BUILT_PRODUCTS_DIR)/TestSample.app/TestSample";
			};
			name = Release;
		};
		A10E28FC2238C0CB009C7677 /* Debug */ = {
			isa = XCBuildConfiguration;
			baseConfigurationReference = 0127F693DDB7C0231E2FC8BA /* Pods-TestSampleUITests.debug.xcconfig */;
			buildSettings = {
				ALWAYS_EMBED_SWIFT_STANDARD_LIBRARIES = YES;
				CODE_SIGN_STYLE = Automatic;
				DEVELOPMENT_TEAM = 7AVD894LDS;
				INFOPLIST_FILE = TestSampleUITests/Info.plist;
				LD_RUNPATH_SEARCH_PATHS = (
					"$(inherited)",
					"@executable_path/Frameworks",
					"@loader_path/Frameworks",
				);
				PRODUCT_BUNDLE_IDENTIFIER = com.test.TestSampleUITests;
				PRODUCT_NAME = "$(TARGET_NAME)";
				SWIFT_VERSION = 4.2;
				TARGETED_DEVICE_FAMILY = "1,2";
				TEST_TARGET_NAME = TestSample;
			};
			name = Debug;
		};
		A10E28FD2238C0CB009C7677 /* Release */ = {
			isa = XCBuildConfiguration;
			baseConfigurationReference = DFB075B1A564C1F67EDA3582 /* Pods-TestSampleUITests.release.xcconfig */;
			buildSettings = {
				ALWAYS_EMBED_SWIFT_STANDARD_LIBRARIES = YES;
				CODE_SIGN_STYLE = Automatic;
				DEVELOPMENT_TEAM = 7AVD894LDS;
				INFOPLIST_FILE = TestSampleUITests/Info.plist;
				LD_RUNPATH_SEARCH_PATHS = (
					"$(inherited)",
					"@executable_path/Frameworks",
					"@loader_path/Frameworks",
				);
				PRODUCT_BUNDLE_IDENTIFIER = com.test.TestSampleUITests;
				PRODUCT_NAME = "$(TARGET_NAME)";
				SWIFT_VERSION = 4.2;
				TARGETED_DEVICE_FAMILY = "1,2";
				TEST_TARGET_NAME = TestSample;
			};
			name = Release;
		};
/* End XCBuildConfiguration section */

/* Begin XCConfigurationList section */
		A10E28C82238C0C7009C7677 /* Build configuration list for PBXProject "TestSample" */ = {
			isa = XCConfigurationList;
			buildConfigurations = (
				A10E28F32238C0CB009C7677 /* Debug */,
				A10E28F42238C0CB009C7677 /* Release */,
			);
			defaultConfigurationIsVisible = 0;
			defaultConfigurationName = Release;
		};
		A10E28F52238C0CB009C7677 /* Build configuration list for PBXNativeTarget "TestSample" */ = {
			isa = XCConfigurationList;
			buildConfigurations = (
				A10E28F62238C0CB009C7677 /* Debug */,
				A10E28F72238C0CB009C7677 /* Release */,
			);
			defaultConfigurationIsVisible = 0;
			defaultConfigurationName = Release;
		};
		A10E28F82238C0CB009C7677 /* Build configuration list for PBXNativeTarget "TestSampleTests" */ = {
			isa = XCConfigurationList;
			buildConfigurations = (
				A10E28F92238C0CB009C7677 /* Debug */,
				A10E28FA2238C0CB009C7677 /* Release */,
			);
			defaultConfigurationIsVisible = 0;
			defaultConfigurationName = Release;
		};
		A10E28FB2238C0CB009C7677 /* Build configuration list for PBXNativeTarget "TestSampleUITests" */ = {
			isa = XCConfigurationList;
			buildConfigurations = (
				A10E28FC2238C0CB009C7677 /* Debug */,
				A10E28FD2238C0CB009C7677 /* Release */,
			);
			defaultConfigurationIsVisible = 0;
			defaultConfigurationName = Release;
		};
/* End XCConfigurationList section */
	};
	rootObject = A10E28C52238C0C7009C7677 /* Project object */;
}
